
Microsoft Visual Studio Solution File, Format Version 12.00
# Visual Studio 15
VisualStudioVersion = 15.0.28307.271
MinimumVisualStudioVersion = 10.0.40219.1
Project("{9A19103F-16F7-4668-BE54-9A1E7A4F7556}") = "PatientApi", "PatientApi\PatientApi.csproj", "{09091D1E-4304-4695-9D1B-DE39554AEE03}"
EndProject
Project("{FAE04EC0-301F-11D3-BF4B-00C04F79EFBC}") = "PatientApi.Tests", "PatientApi.Tests\PatientApi.Tests.csproj", "{CC956F26-2A29-4842-A7BB-6E39D6FA4919}"
EndProject
Global
	GlobalSection(SolutionConfigurationPlatforms) = preSolution
		Debug|Any CPU = Debug|Any CPU
		Release|Any CPU = Release|Any CPU
	EndGlobalSection
	GlobalSection(ProjectConfigurationPlatforms) = postSolution
		{09091D1E-4304-4695-9D1B-DE39554AEE03}.Debug|Any CPU.ActiveCfg = Debug|Any CPU
		{09091D1E-4304-4695-9D1B-DE39554AEE03}.Debug|Any CPU.Build.0 = Debug|Any CPU
		{09091D1E-4304-4695-9D1B-DE39554AEE03}.Release|Any CPU.ActiveCfg = Release|Any CPU
		{09091D1E-4304-4695-9D1B-DE39554AEE03}.Release|Any CPU.Build.0 = Release|Any CPU
		{CC956F26-2A29-4842-A7BB-6E39D6FA4919}.Debug|Any CPU.ActiveCfg = Debug|Any CPU
		{CC956F26-2A29-4842-A7BB-6E39D6FA4919}.Debug|Any CPU.Build.0 = Debug|Any CPU
		{CC956F26-2A29-4842-A7BB-6E39D6FA4919}.Release|Any CPU.ActiveCfg = Release|Any CPU
		{CC956F26-2A29-4842-A7BB-6E39D6FA4919}.Release|Any CPU.Build.0 = Release|Any CPU
	EndGlobalSection
	GlobalSection(SolutionProperties) = preSolution
		HideSolutionNode = FALSE
	EndGlobalSection
	GlobalSection(ExtensibilityGlobals) = postSolution
		SolutionGuid = {A5FBAE4A-5A0C-456D-9FDE-2F85EE1F60D8}
	EndGlobalSection
EndGlobal
